{
    "_meta": {
        "hash": {
            "sha256": "bead800b5a469ee3d7defe7590f4f91ae3fbbdb5061a5eeba6432a827551099a"
        },
        "pipfile-spec": 6,
        "requires": {
            "python_version": "3.7"
        },
        "sources": [
            {
                "name": "pypi",
                "url": "https://pypi.org/simple",
                "verify_ssl": true
            }
        ]
    },
    "default": {
        "pyside2": {
            "hashes": [
                "sha256:018d125e70f0a4dec9eddb6d6d1d9be36f1f10bf31067a9d4d2035e29f553114",
                "sha256:425f7dcae672db15470df994295710588bf6bd2cc9937e003b5b2ea21a0f69d5",
                "sha256:4bf50474c144d18f3c37e2cd0a73647b2133e431bf2416f52ac974cad7118b56",
                "sha256:79de3b8bad38f3371829165517fe265d02103b5fd9ff0980000dc45471dffc60",
                "sha256:8af8d62e8b63c61002e599a86799d2611b6fbef06ee82fd05b48d4ec591eae32",
                "sha256:df468f4592c1b64656ee382ee7e8b735dbe0e62fe470a5243fe36f0dc43f2d8e"
            ],
            "index": "pypi",
            "version": "==5.11.2"
        }
    },
    "develop": {
        "altgraph": {
            "hashes": [
                "sha256:1f05a47122542f97028caf78775a095fbe6a2699b5089de8477eb583167d69aa",
                "sha256:c623e5f3408ca61d4016f23a681b9adb100802ca3e3da5e718915a9e4052cebe"
            ],
            "version": "==0.17"
        },
        "future": {
            "hashes": [
                "sha256:b1bead90b70cf6ec3f0710ae53a525360fa360d306a86583adc6bf83a4db537d"
            ],
            "version": "==0.18.2"
        },
        "pefile": {
            "hashes": [
                "sha256:a5d6e8305c6b210849b47a6174ddf9c452b2888340b8177874b862ba6c207645"
            ],
            "version": "==2019.4.18"
        },
        "pyinstaller": {
            "hashes": [
                "sha256:3730fa80d088f8bb7084d32480eb87cbb4ddb64123363763cf8f2a1378c1c4b7"
            ],
            "index": "pypi",
            "version": "==3.6"
        },
        "pywin32-ctypes": {
            "hashes": [
                "sha256:24ffc3b341d457d48e8922352130cf2644024a4ff09762a2261fd34c36ee5942",
                "sha256:9dc2d991b3479cc2df15930958b674a48a227d5361d413827a4cfd0b5876fc98"
            ],
            "version": "==0.2.0"
        }
    }
}
